
Microsoft Visual Studio Solution File, Format Version 12.00
# Visual Studio 15
VisualStudioVersion = 15.0.26124.0
MinimumVisualStudioVersion = 15.0.26124.0
Project("{2150E333-8FDC-42A3-9474-1A3956D46DE8}") = "src", "src", "{41B78AD6-B49B-466B-B9FE-AF0DDCF0B72B}"
EndProject
Project("{FAE04EC0-301F-11D3-BF4B-00C04F79EFBC}") = "ToRomanNumerals", "src\ToRomanNumerals\ToRomanNumerals.csproj", "{917F5FB5-7B7F-4FFD-BDD5-CDC9BBEDB89F}"
EndProject
Project("{2150E333-8FDC-42A3-9474-1A3956D46DE8}") = "tests", "tests", "{599C452F-9584-4043-A15F-2561D663C253}"
EndProject
Project("{FAE04EC0-301F-11D3-BF4B-00C04F79EFBC}") = "ToRomanNumerals.Tests", "tests\ToRomanNumerals.Tests\ToRomanNumerals.Tests.csproj", "{5B797C10-5FD0-4BE4-943E-6D23ADDD42F1}"
EndProject
Global
	GlobalSection(SolutionConfigurationPlatforms) = preSolution
		Debug|Any CPU = Debug|Any CPU
		Debug|x64 = Debug|x64
		Debug|x86 = Debug|x86
		Release|Any CPU = Release|Any CPU
		Release|x64 = Release|x64
		Release|x86 = Release|x86
	EndGlobalSection
	GlobalSection(SolutionProperties) = preSolution
		HideSolutionNode = FALSE
	EndGlobalSection
	GlobalSection(ProjectConfigurationPlatforms) = postSolution
		{917F5FB5-7B7F-4FFD-BDD5-CDC9BBEDB89F}.Debug|Any CPU.ActiveCfg = Debug|Any CPU
		{917F5FB5-7B7F-4FFD-BDD5-CDC9BBEDB89F}.Debug|Any CPU.Build.0 = Debug|Any CPU
		{917F5FB5-7B7F-4FFD-BDD5-CDC9BBEDB89F}.Debug|x64.ActiveCfg = Debug|Any CPU
		{917F5FB5-7B7F-4FFD-BDD5-CDC9BBEDB89F}.Debug|x64.Build.0 = Debug|Any CPU
		{917F5FB5-7B7F-4FFD-BDD5-CDC9BBEDB89F}.Debug|x86.ActiveCfg = Debug|Any CPU
		{917F5FB5-7B7F-4FFD-BDD5-CDC9BBEDB89F}.Debug|x86.Build.0 = Debug|Any CPU
		{917F5FB5-7B7F-4FFD-BDD5-CDC9BBEDB89F}.Release|Any CPU.ActiveCfg = Release|Any CPU
		{917F5FB5-7B7F-4FFD-BDD5-CDC9BBEDB89F}.Release|Any CPU.Build.0 = Release|Any CPU
		{917F5FB5-7B7F-4FFD-BDD5-CDC9BBEDB89F}.Release|x64.ActiveCfg = Release|Any CPU
		{917F5FB5-7B7F-4FFD-BDD5-CDC9BBEDB89F}.Release|x64.Build.0 = Release|Any CPU
		{917F5FB5-7B7F-4FFD-BDD5-CDC9BBEDB89F}.Release|x86.ActiveCfg = Release|Any CPU
		{917F5FB5-7B7F-4FFD-BDD5-CDC9BBEDB89F}.Release|x86.Build.0 = Release|Any CPU
		{5B797C10-5FD0-4BE4-943E-6D23ADDD42F1}.Debug|Any CPU.ActiveCfg = Debug|Any CPU
		{5B797C10-5FD0-4BE4-943E-6D23ADDD42F1}.Debug|Any CPU.Build.0 = Debug|Any CPU
		{5B797C10-5FD0-4BE4-943E-6D23ADDD42F1}.Debug|x64.ActiveCfg = Debug|Any CPU
		{5B797C10-5FD0-4BE4-943E-6D23ADDD42F1}.Debug|x64.Build.0 = Debug|Any CPU
		{5B797C10-5FD0-4BE4-943E-6D23ADDD42F1}.Debug|x86.ActiveCfg = Debug|Any CPU
		{5B797C10-5FD0-4BE4-943E-6D23ADDD42F1}.Debug|x86.Build.0 = Debug|Any CPU
		{5B797C10-5FD0-4BE4-943E-6D23ADDD42F1}.Release|Any CPU.ActiveCfg = Release|Any CPU
		{5B797C10-5FD0-4BE4-943E-6D23ADDD42F1}.Release|Any CPU.Build.0 = Release|Any CPU
		{5B797C10-5FD0-4BE4-943E-6D23ADDD42F1}.Release|x64.ActiveCfg = Release|Any CPU
		{5B797C10-5FD0-4BE4-943E-6D23ADDD42F1}.Release|x64.Build.0 = Release|Any CPU
		{5B797C10-5FD0-4BE4-943E-6D23ADDD42F1}.Release|x86.ActiveCfg = Release|Any CPU
		{5B797C10-5FD0-4BE4-943E-6D23ADDD42F1}.Release|x86.Build.0 = Release|Any CPU
	EndGlobalSection
	GlobalSection(NestedProjects) = preSolution
		{917F5FB5-7B7F-4FFD-BDD5-CDC9BBEDB89F} = {41B78AD6-B49B-466B-B9FE-AF0DDCF0B72B}
		{5B797C10-5FD0-4BE4-943E-6D23ADDD42F1} = {599C452F-9584-4043-A15F-2561D663C253}
	EndGlobalSection
EndGlobal
